lockfileVersion: 5.4

specifiers:
  '@types/node': ^20.10.2
  dotenv: ^16.3.1
  typescript: ^5.3.2
  undici-types: ^5.28.2
  viem: ^1.19.11

dependencies:
  dotenv: 16.3.1
  undici-types: 5.28.2
  viem: 1.19.11_typescript@5.3.2

devDependencies:
  '@types/node': 20.10.2
  typescript: 5.3.2

packages:

  /@adraffy/ens-normalize/1.10.0:
    resolution: {integrity: sha512-nA9XHtlAkYfJxY7bce8DcN7eKxWWCWkU+1GR9d+U6MbNpfwQp8TI7vqOsBsMcHoT4mBu2kypKoSKnghEzOOq5Q==}
    dev: false

  /@noble/curves/1.2.0:
    resolution: {integrity: sha512-oYclrNgRaM9SsBUBVbb8M6DTV7ZHRTKugureoYEncY5c65HOmRzvSiTE3y5CYaPYJA/GVkrhXEoF0M3Ya9PMnw==}
    dependencies:
      '@noble/hashes': 1.3.2
    dev: false

  /@noble/hashes/1.3.2:
    resolution: {integrity: sha512-MVC8EAQp7MvEcm30KWENFjgR+Mkmf+D189XJTkFIlwohU5hcBbn1ZkKq7KVTi2Hme3PMGF390DaL52beVrIihQ==}
    engines: {node: '>= 16'}
    dev: false

  /@scure/base/1.1.3:
    resolution: {integrity: sha512-/+SgoRjLq7Xlf0CWuLHq2LUZeL/w65kfzAPG5NH9pcmBhs+nunQTn4gvdwgMTIXnt9b2C/1SeL2XiysZEyIC9Q==}
    dev: false

  /@scure/bip32/1.3.2:
    resolution: {integrity: sha512-N1ZhksgwD3OBlwTv3R6KFEcPojl/W4ElJOeCZdi+vuI5QmTFwLq3OFf2zd2ROpKvxFdgZ6hUpb0dx9bVNEwYCA==}
    dependencies:
      '@noble/curves': 1.2.0
      '@noble/hashes': 1.3.2
      '@scure/base': 1.1.3
    dev: false

  /@scure/bip39/1.2.1:
    resolution: {integrity: sha512-Z3/Fsz1yr904dduJD0NpiyRHhRYHdcnyh73FZWiV+/qhWi83wNJ3NWolYqCEN+ZWsUz2TWwajJggcRE9r1zUYg==}
    dependencies:
      '@noble/hashes': 1.3.2
      '@scure/base': 1.1.3
    dev: false

  /@types/node/20.10.2:
    resolution: {integrity: sha512-37MXfxkb0vuIlRKHNxwCkb60PNBpR94u4efQuN4JgIAm66zfCDXGSAFCef9XUWFovX2R1ok6Z7MHhtdVXXkkIw==}
    dependencies:
      undici-types: 5.26.5
    dev: true

  /abitype/0.9.8_typescript@5.3.2:
    resolution: {integrity: sha512-puLifILdm+8sjyss4S+fsUN09obiT1g2YW6CtcQF+QDzxR0euzgEB29MZujC6zMk2a6SVmtttq1fc6+YFA7WYQ==}
    peerDependencies:
      typescript: '>=5.0.4'
      zod: ^3 >=3.19.1
    peerDependenciesMeta:
      typescript:
        optional: true
      zod:
        optional: true
    dependencies:
      typescript: 5.3.2
    dev: false

  /dotenv/16.3.1:
    resolution: {integrity: sha512-IPzF4w4/Rd94bA9imS68tZBaYyBWSCE47V1RGuMrB94iyTOIEwRmVL2x/4An+6mETpLrKJ5hQkB8W4kFAadeIQ==}
    engines: {node: '>=12'}
    dev: false

  /isows/1.0.3_ws@8.13.0:
    resolution: {integrity: sha512-2cKei4vlmg2cxEjm3wVSqn8pcoRF/LX/wpifuuNquFO4SQmPwarClT+SUCA2lt+l581tTeZIPIZuIDo2jWN1fg==}
    peerDependencies:
      ws: '*'
    dependencies:
      ws: 8.13.0
    dev: false

  /typescript/5.3.2:
    resolution: {integrity: sha512-6l+RyNy7oAHDfxC4FzSJcz9vnjTKxrLpDG5M2Vu4SHRVNg6xzqZp6LYSR9zjqQTu8DU/f5xwxUdADOkbrIX2gQ==}
    engines: {node: '>=14.17'}
    hasBin: true

  /undici-types/5.26.5:
    resolution: {integrity: sha512-JlCMO+ehdEIKqlFxk6IfVoAUVmgz7cU7zD/h9XZ0qzeosSHmUJVOzSQvvYSYWXkFXC+IfLKSIffhv0sVZup6pA==}
    dev: true

  /undici-types/5.28.2:
    resolution: {integrity: sha512-W71OLwDqzIO0d3k07qg1xc7d4cX8SsSwuCO4bQ4V7ITwduXXie/lcImofabP5VV+NvuvSe8ovKvHVJcizVc1JA==}
    dev: false

  /viem/1.19.11_typescript@5.3.2:
    resolution: {integrity: sha512-dbsXEWDBZkByuzJXAs/e01j7dpUJ5ICF5WcyntFwf8Y97n5vnC/91lAleSa6DA5V4WJvYZbhDpYeTctsMAQnhA==}
    peerDependencies:
      typescript: '>=5.0.4'
    peerDependenciesMeta:
      typescript:
        optional: true
    dependencies:
      '@adraffy/ens-normalize': 1.10.0
      '@noble/curves': 1.2.0
      '@noble/hashes': 1.3.2
      '@scure/bip32': 1.3.2
      '@scure/bip39': 1.2.1
      abitype: 0.9.8_typescript@5.3.2
      isows: 1.0.3_ws@8.13.0
      typescript: 5.3.2
      ws: 8.13.0
    transitivePeerDependencies:
      - bufferutil
      - utf-8-validate
      - zod
    dev: false

  /ws/8.13.0:
    resolution: {integrity: sha512-x9vcZYTrFPC7aSIbj7sRCYo7L/Xb8Iy+pW0ng0wt2vCJv7M9HOMy0UoN3rr+IFC7hb7vXoqS+P9ktyLLLhO+LA==}
    engines: {node: '>=10.0.0'}
    peerDependencies:
      bufferutil: ^4.0.1
      utf-8-validate: '>=5.0.2'
    peerDependenciesMeta:
      bufferutil:
        optional: true
      utf-8-validate:
        optional: true
    dev: false
